
Microsoft Visual Studio Solution File, Format Version 12.00
# Visual Studio Version 17
VisualStudioVersion = 17.5.33424.131
MinimumVisualStudioVersion = 10.0.40219.1
Project("{FAE04EC0-301F-11D3-BF4B-00C04F79EFBC}") = "SharedCookbookBackend", "SharedCookbookBackend\SharedCookbookBackend.csproj", "{B4B94714-E290-4ED0-9CAA-7C4CCF96034F}"
EndProject
Global
	GlobalSection(SolutionConfigurationPlatforms) = preSolution
		Debug|Any CPU = Debug|Any CPU
		Release|Any CPU = Release|Any CPU
	EndGlobalSection
	GlobalSection(ProjectConfigurationPlatforms) = postSolution
		{B4B94714-E290-4ED0-9CAA-7C4CCF96034F}.Debug|Any CPU.ActiveCfg = Debug|Any CPU
		{B4B94714-E290-4ED0-9CAA-7C4CCF96034F}.Debug|Any CPU.Build.0 = Debug|Any CPU
		{B4B94714-E290-4ED0-9CAA-7C4CCF96034F}.Release|Any CPU.ActiveCfg = Release|Any CPU
		{B4B94714-E290-4ED0-9CAA-7C4CCF96034F}.Release|Any CPU.Build.0 = Release|Any CPU
	EndGlobalSection
	GlobalSection(SolutionProperties) = preSolution
		HideSolutionNode = FALSE
	EndGlobalSection
	GlobalSection(ExtensibilityGlobals) = postSolution
		SolutionGuid = {1BEB1FBD-8E92-4719-8E6D-4209638863ED}
	EndGlobalSection
EndGlobal
